{"1.2.0",
[{<<"certifi">>,{pkg,<<"certifi">>,<<"2.12.0">>},0},
 {<<"cowlib">>,{pkg,<<"cowlib">>,<<"2.12.0">>},1},
 {<<"grisp">>,{pkg,<<"grisp">>,<<"2.4.0">>},0},
 {<<"grisp_cryptoauth">>,{pkg,<<"grisp_cryptoauth">>,<<"2.1.0">>},0},
 {<<"gun">>,{pkg,<<"gun">>,<<"2.0.0">>},0},
 {<<"jsx">>,{pkg,<<"jsx">>,<<"3.1.0">>},0},
 {<<"mapz">>,{pkg,<<"mapz">>,<<"2.3.0">>},1}]}.
[
{pkg_hash,[
 {<<"certifi">>, <<"2D1CCA2EC95F59643862AF91F001478C9863C2AC9CB6E2F89780BFD8DE987329">>},
 {<<"cowlib">>, <<"58B73B75BEE32295A3E2CB37CD73D7B41E8B0C9C9A235869E6BFCCE3FC1A63AA">>},
 {<<"grisp">>, <<"6824CF02E4580BEF15C4D29A2CADB1EB66B91B3946FF41539E5EB64258CA6786">>},
 {<<"grisp_cryptoauth">>, <<"1A22EE9BE6210CC242D41C8FF368FFADCDDB1F1BED7E10415A3C8F55C84A9CC2">>},
 {<<"gun">>, <<"2326BC0FD6D9CF628419708270D6FE8B02B8D002CF992E4165A77D997B1DEFD0">>},
 {<<"jsx">>, <<"D12516BAA0BB23A59BB35DCCAF02A1BD08243FCBB9EFE24F2D9D056CCFF71268">>},
 {<<"mapz">>, <<"D53288F92955B2D8DB364D2E4BE78D09B6A4160E833CB5AA1FD001C3F23FCF99">>}]},
{pkg_hash_ext,[
 {<<"certifi">>, <<"EE68D85DF22E554040CDB4BE100F33873AC6051387BAF6A8F6CE82272340FF1C">>},
 {<<"cowlib">>, <<"FA8A335B7C61263317C6214676CFB8C448AE9C36BAD3D98DF9CB166265940FD1">>},
 {<<"grisp">>, <<"4CF09926AEA07B6B737247649695D5A7A869A3ED508036AA7147EAFBE344BD5D">>},
 {<<"grisp_cryptoauth">>, <<"83E134A94E05B66221DD18D242D63960D6555B27E8FB8EFBB573025184A77DDC">>},
 {<<"gun">>, <<"6613CB7C62930DC8D58263C44DDA72F8556346BA88358FC929DCBC5F76D04569">>},
 {<<"jsx">>, <<"0C5CC8FDC11B53CC25CF65AC6705AD39E54ECC56D1C22E4ADB8F5A53FB9427F3">>},
 {<<"mapz">>, <<"6E7BEF40602AD84B88CFD7C1AE84D8ED097BCEA9A2382EFF4538617C3600DAA9">>}]}
].
