{"1.2.0",
[{<<"certifi">>,{pkg,<<"certifi">>,<<"2.12.0">>},0},
 {<<"cowlib">>,{pkg,<<"cowlib">>,<<"2.12.1">>},1},
 {<<"grisp">>,{pkg,<<"grisp">>,<<"2.4.0">>},0},
 {<<"gun">>,{pkg,<<"gun">>,<<"2.0.1">>},0},
 {<<"jsx">>,{pkg,<<"jsx">>,<<"3.1.0">>},0},
 {<<"mapz">>,{pkg,<<"mapz">>,<<"2.3.0">>},1}]}.
[
{pkg_hash,[
 {<<"certifi">>, <<"2D1CCA2EC95F59643862AF91F001478C9863C2AC9CB6E2F89780BFD8DE987329">>},
 {<<"cowlib">>, <<"A9FA9A625F1D2025FE6B462CB865881329B5CAFF8F1854D1CBC9F9533F00E1E1">>},
 {<<"grisp">>, <<"6824CF02E4580BEF15C4D29A2CADB1EB66B91B3946FF41539E5EB64258CA6786">>},
 {<<"gun">>, <<"160A9A5394800FCBA41BC7E6D421295CF9A7894C2252C0678244948E3336AD73">>},
 {<<"jsx">>, <<"D12516BAA0BB23A59BB35DCCAF02A1BD08243FCBB9EFE24F2D9D056CCFF71268">>},
 {<<"mapz">>, <<"D53288F92955B2D8DB364D2E4BE78D09B6A4160E833CB5AA1FD001C3F23FCF99">>}]},
{pkg_hash_ext,[
 {<<"certifi">>, <<"EE68D85DF22E554040CDB4BE100F33873AC6051387BAF6A8F6CE82272340FF1C">>},
 {<<"cowlib">>, <<"163B73F6367A7341B33C794C4E88E7DBFE6498AC42DCD69EF44C5BC5507C8DB0">>},
 {<<"grisp">>, <<"4CF09926AEA07B6B737247649695D5A7A869A3ED508036AA7147EAFBE344BD5D">>},
 {<<"gun">>, <<"A10BC8D6096B9502205022334F719CC9A08D9ADCFBFC0DBEE9EF31B56274A20B">>},
 {<<"jsx">>, <<"0C5CC8FDC11B53CC25CF65AC6705AD39E54ECC56D1C22E4ADB8F5A53FB9427F3">>},
 {<<"mapz">>, <<"6E7BEF40602AD84B88CFD7C1AE84D8ED097BCEA9A2382EFF4538617C3600DAA9">>}]}
].
