{"1.2.0",
[{<<"certifi">>,{pkg,<<"certifi">>,<<"2.13.0">>},0},
 {<<"cowlib">>,{pkg,<<"cowlib">>,<<"2.12.1">>},1},
 {<<"grisp">>,{pkg,<<"grisp">>,<<"2.4.0">>},0},
 {<<"gun">>,{pkg,<<"gun">>,<<"2.0.1">>},0},
 {<<"jsx">>,{pkg,<<"jsx">>,<<"3.1.0">>},0},
 {<<"mapz">>,{pkg,<<"mapz">>,<<"2.4.0">>},1}]}.
[
{pkg_hash,[
 {<<"certifi">>, <<"E52BE248590050B2DD33B0BB274B56678F9068E67805DCA8AA8B1CCDB016BBF6">>},
 {<<"cowlib">>, <<"A9FA9A625F1D2025FE6B462CB865881329B5CAFF8F1854D1CBC9F9533F00E1E1">>},
 {<<"grisp">>, <<"6824CF02E4580BEF15C4D29A2CADB1EB66B91B3946FF41539E5EB64258CA6786">>},
 {<<"gun">>, <<"160A9A5394800FCBA41BC7E6D421295CF9A7894C2252C0678244948E3336AD73">>},
 {<<"jsx">>, <<"D12516BAA0BB23A59BB35DCCAF02A1BD08243FCBB9EFE24F2D9D056CCFF71268">>},
 {<<"mapz">>, <<"77A8E38B69BAB16C5D3EBD44E6C619F8AF1F1598B0CAAE301D266605A0865756">>}]},
{pkg_hash_ext,[
 {<<"certifi">>, <<"8F3D9533A0F06070AFDFD5D596B32E21C6580667A492891851B0E2737BC507A1">>},
 {<<"cowlib">>, <<"163B73F6367A7341B33C794C4E88E7DBFE6498AC42DCD69EF44C5BC5507C8DB0">>},
 {<<"grisp">>, <<"4CF09926AEA07B6B737247649695D5A7A869A3ED508036AA7147EAFBE344BD5D">>},
 {<<"gun">>, <<"A10BC8D6096B9502205022334F719CC9A08D9ADCFBFC0DBEE9EF31B56274A20B">>},
 {<<"jsx">>, <<"0C5CC8FDC11B53CC25CF65AC6705AD39E54ECC56D1C22E4ADB8F5A53FB9427F3">>},
 {<<"mapz">>, <<"4B68DF5CF0522E0D6545DF7B681BC052865CDB78405AD4CC9C55FE45EE7B25BE">>}]}
].
